
Microsoft Visual Studio Solution File, Format Version 12.00
# Visual Studio Version 17
VisualStudioVersion = 17.12.35707.178 d17.12
MinimumVisualStudioVersion = 10.0.40219.1
Project("{FAE04EC0-301F-11D3-BF4B-00C04F79EFBC}") = "ReactAppStudentScheduler.Server", "ReactAppStudentScheduler.Server\ReactAppStudentScheduler.Server.csproj", "{D4699556-5669-4A34-9695-8ADD6A1C89C9}"
EndProject
Project("{54A90642-561A-4BB1-A94E-469ADEE60C69}") = "reactappstudentscheduler.client", "reactappstudentscheduler.client\reactappstudentscheduler.client.esproj", "{F3415E88-F65C-4AE7-9A4F-CBBD8D8DFA6E}"
EndProject
Global
	GlobalSection(SolutionConfigurationPlatforms) = preSolution
		Debug|Any CPU = Debug|Any CPU
		Release|Any CPU = Release|Any CPU
	EndGlobalSection
	GlobalSection(ProjectConfigurationPlatforms) = postSolution
		{D4699556-5669-4A34-9695-8ADD6A1C89C9}.Debug|Any CPU.ActiveCfg = Debug|Any CPU
		{D4699556-5669-4A34-9695-8ADD6A1C89C9}.Debug|Any CPU.Build.0 = Debug|Any CPU
		{D4699556-5669-4A34-9695-8ADD6A1C89C9}.Release|Any CPU.ActiveCfg = Release|Any CPU
		{D4699556-5669-4A34-9695-8ADD6A1C89C9}.Release|Any CPU.Build.0 = Release|Any CPU
		{F3415E88-F65C-4AE7-9A4F-CBBD8D8DFA6E}.Debug|Any CPU.ActiveCfg = Debug|Any CPU
		{F3415E88-F65C-4AE7-9A4F-CBBD8D8DFA6E}.Debug|Any CPU.Build.0 = Debug|Any CPU
		{F3415E88-F65C-4AE7-9A4F-CBBD8D8DFA6E}.Debug|Any CPU.Deploy.0 = Debug|Any CPU
		{F3415E88-F65C-4AE7-9A4F-CBBD8D8DFA6E}.Release|Any CPU.ActiveCfg = Release|Any CPU
		{F3415E88-F65C-4AE7-9A4F-CBBD8D8DFA6E}.Release|Any CPU.Build.0 = Release|Any CPU
		{F3415E88-F65C-4AE7-9A4F-CBBD8D8DFA6E}.Release|Any CPU.Deploy.0 = Release|Any CPU
	EndGlobalSection
	GlobalSection(SolutionProperties) = preSolution
		HideSolutionNode = FALSE
	EndGlobalSection
EndGlobal
